
Microsoft Visual Studio Solution File, Format Version 12.00
# Visual Studio Version 17
VisualStudioVersion = 17.13.35828.75
MinimumVisualStudioVersion = 10.0.40219.1
Project("{FAE04EC0-301F-11D3-BF4B-00C04F79EFBC}") = "Manager.EC", "Manager.EC\Manager.EC\Manager.EC.csproj", "{42C76E76-041D-4CA4-B774-419E47BD762A}"
EndProject
Project("{2150E333-8FDC-42A3-9474-1A3956D46DE8}") = "src", "src", "{02EA681E-C7D8-13C7-8484-4AC65E1B71E8}"
EndProject
Project("{2150E333-8FDC-42A3-9474-1A3956D46DE8}") = "Service", "Service", "{CC345AE3-36A8-4586-872A-98E7FE2CCEF9}"
EndProject
Project("{2150E333-8FDC-42A3-9474-1A3956D46DE8}") = "Common", "Common", "{D81EB5D8-B528-4494-87CB-838BF0F23ED7}"
EndProject
Project("{2150E333-8FDC-42A3-9474-1A3956D46DE8}") = "Share", "Share", "{D947EAAE-457E-4546-A04C-03FBE56A4BF2}"
EndProject
Project("{2150E333-8FDC-42A3-9474-1A3956D46DE8}") = "Test", "Test", "{A7917E24-7930-4BED-9788-AD37F25EA0C0}"
EndProject
Project("{FAE04EC0-301F-11D3-BF4B-00C04F79EFBC}") = "RobertEcommerce.Shop.EventBus", "src\Share\EventBus\RobertEcommerce.Shop.EventBus.csproj", "{CC1CE23B-54BD-1F0A-16A5-5C22BDFCA9DC}"
EndProject
Project("{FAE04EC0-301F-11D3-BF4B-00C04F79EFBC}") = "RobertEcommerce.Shop.EventBusRabbitMQ", "src\Share\RobertEcommerce.Shop.EventBusRabbitMQ\RobertEcommerce.Shop.EventBusRabbitMQ.csproj", "{DB569F5B-0899-8C88-4F43-4D92054C55EA}"
EndProject
Project("{FAE04EC0-301F-11D3-BF4B-00C04F79EFBC}") = "RobertEcommerce.Shop.ServiceDefaults", "src\Share\RobertEcommerce.Shop.ServiceDefaults\RobertEcommerce.Shop.ServiceDefaults.csproj", "{95176C5C-9E66-89D5-B657-050A5FED0821}"
EndProject
Project("{FAE04EC0-301F-11D3-BF4B-00C04F79EFBC}") = "RobertEcommerce.Shop.ManagerProject.AppHost", "RobertEcommerce.Shop.ManagerProject.AppHost\RobertEcommerce.Shop.ManagerProject.AppHost.csproj", "{E560876B-A6F9-4A83-B38D-AAA589BB93EC}"
EndProject
Global
	GlobalSection(SolutionConfigurationPlatforms) = preSolution
		Debug|Any CPU = Debug|Any CPU
		Release|Any CPU = Release|Any CPU
	EndGlobalSection
	GlobalSection(ProjectConfigurationPlatforms) = postSolution
		{42C76E76-041D-4CA4-B774-419E47BD762A}.Debug|Any CPU.ActiveCfg = Debug|Any CPU
		{42C76E76-041D-4CA4-B774-419E47BD762A}.Debug|Any CPU.Build.0 = Debug|Any CPU
		{42C76E76-041D-4CA4-B774-419E47BD762A}.Release|Any CPU.ActiveCfg = Release|Any CPU
		{42C76E76-041D-4CA4-B774-419E47BD762A}.Release|Any CPU.Build.0 = Release|Any CPU
		{CC1CE23B-54BD-1F0A-16A5-5C22BDFCA9DC}.Debug|Any CPU.ActiveCfg = Debug|Any CPU
		{CC1CE23B-54BD-1F0A-16A5-5C22BDFCA9DC}.Debug|Any CPU.Build.0 = Debug|Any CPU
		{CC1CE23B-54BD-1F0A-16A5-5C22BDFCA9DC}.Release|Any CPU.ActiveCfg = Release|Any CPU
		{CC1CE23B-54BD-1F0A-16A5-5C22BDFCA9DC}.Release|Any CPU.Build.0 = Release|Any CPU
		{DB569F5B-0899-8C88-4F43-4D92054C55EA}.Debug|Any CPU.ActiveCfg = Debug|Any CPU
		{DB569F5B-0899-8C88-4F43-4D92054C55EA}.Debug|Any CPU.Build.0 = Debug|Any CPU
		{DB569F5B-0899-8C88-4F43-4D92054C55EA}.Release|Any CPU.ActiveCfg = Release|Any CPU
		{DB569F5B-0899-8C88-4F43-4D92054C55EA}.Release|Any CPU.Build.0 = Release|Any CPU
		{95176C5C-9E66-89D5-B657-050A5FED0821}.Debug|Any CPU.ActiveCfg = Debug|Any CPU
		{95176C5C-9E66-89D5-B657-050A5FED0821}.Debug|Any CPU.Build.0 = Debug|Any CPU
		{95176C5C-9E66-89D5-B657-050A5FED0821}.Release|Any CPU.ActiveCfg = Release|Any CPU
		{95176C5C-9E66-89D5-B657-050A5FED0821}.Release|Any CPU.Build.0 = Release|Any CPU
		{E560876B-A6F9-4A83-B38D-AAA589BB93EC}.Debug|Any CPU.ActiveCfg = Debug|Any CPU
		{E560876B-A6F9-4A83-B38D-AAA589BB93EC}.Debug|Any CPU.Build.0 = Debug|Any CPU
		{E560876B-A6F9-4A83-B38D-AAA589BB93EC}.Release|Any CPU.ActiveCfg = Release|Any CPU
		{E560876B-A6F9-4A83-B38D-AAA589BB93EC}.Release|Any CPU.Build.0 = Release|Any CPU
	EndGlobalSection
	GlobalSection(SolutionProperties) = preSolution
		HideSolutionNode = FALSE
	EndGlobalSection
	GlobalSection(NestedProjects) = preSolution
		{42C76E76-041D-4CA4-B774-419E47BD762A} = {02EA681E-C7D8-13C7-8484-4AC65E1B71E8}
		{CC345AE3-36A8-4586-872A-98E7FE2CCEF9} = {02EA681E-C7D8-13C7-8484-4AC65E1B71E8}
		{D81EB5D8-B528-4494-87CB-838BF0F23ED7} = {02EA681E-C7D8-13C7-8484-4AC65E1B71E8}
		{D947EAAE-457E-4546-A04C-03FBE56A4BF2} = {02EA681E-C7D8-13C7-8484-4AC65E1B71E8}
		{A7917E24-7930-4BED-9788-AD37F25EA0C0} = {02EA681E-C7D8-13C7-8484-4AC65E1B71E8}
		{CC1CE23B-54BD-1F0A-16A5-5C22BDFCA9DC} = {D947EAAE-457E-4546-A04C-03FBE56A4BF2}
		{DB569F5B-0899-8C88-4F43-4D92054C55EA} = {D947EAAE-457E-4546-A04C-03FBE56A4BF2}
		{95176C5C-9E66-89D5-B657-050A5FED0821} = {D947EAAE-457E-4546-A04C-03FBE56A4BF2}
		{E560876B-A6F9-4A83-B38D-AAA589BB93EC} = {02EA681E-C7D8-13C7-8484-4AC65E1B71E8}
	EndGlobalSection
	GlobalSection(ExtensibilityGlobals) = postSolution
		SolutionGuid = {2B8D004B-3D0F-4B86-A8A1-EFFEE910227C}
	EndGlobalSection
EndGlobal
